// !$*UTF8*$!
{
	archiveVersion = 1;
	classes = {
	};
	objectVersion = 56;
	objects = {

/* Begin PBXBuildFile section */
		68007F442D9054490014B8C2 /* AppDelegate.swift in Sources */ = {isa = PBXBuildFile; fileRef = 68007F432D9054490014B8C2 /* AppDelegate.swift */; };
		68007F462D9054490014B8C2 /* SceneDelegate.swift in Sources */ = {isa = PBXBuildFile; fileRef = 68007F452D9054490014B8C2 /* SceneDelegate.swift */; };
		68007F482D9054490014B8C2 /* ViewController.swift in Sources */ = {isa = PBXBuildFile; fileRef = 68007F472D9054490014B8C2 /* ViewController.swift */; };
		68007F4B2D9054490014B8C2 /* Base in Resources */ = {isa = PBXBuildFile; fileRef = 68007F4A2D9054490014B8C2 /* Base */; };
		68007F4E2D9054490014B8C2 /* A2_iOS_Justin_101400171.xcdatamodeld in Sources */ = {isa = PBXBuildFile; fileRef = 68007F4C2D9054490014B8C2 /* A2_iOS_Justin_101400171.xcdatamodeld */; };
		68007F502D90544A0014B8C2 /* Assets.xcassets in Resources */ = {isa = PBXBuildFile; fileRef = 68007F4F2D90544A0014B8C2 /* Assets.xcassets */; };
		68007F532D90544A0014B8C2 /* Base in Resources */ = {isa = PBXBuildFile; fileRef = 68007F522D90544A0014B8C2 /* Base */; };
		68007F5E2D90544A0014B8C2 /* A2_iOS_Justin_101400171Tests.swift in Sources */ = {isa = PBXBuildFile; fileRef = 68007F5D2D90544A0014B8C2 /* A2_iOS_Justin_101400171Tests.swift */; };
		68007F682D90544A0014B8C2 /* A2_iOS_Justin_101400171UITests.swift in Sources */ = {isa = PBXBuildFile; fileRef = 68007F672D90544A0014B8C2 /* A2_iOS_Justin_101400171UITests.swift */; };
		68007F6A2D90544A0014B8C2 /* A2_iOS_Justin_101400171UITestsLaunchTests.swift in Sources */ = {isa = PBXBuildFile; fileRef = 68007F692D90544A0014B8C2 /* A2_iOS_Justin_101400171UITestsLaunchTests.swift */; };
		6864011B2D923EEB00C32826 /* AddNewProduct.swift in Sources */ = {isa = PBXBuildFile; fileRef = 6864011A2D923EEB00C32826 /* AddNewProduct.swift */; };
		6867CBE42D92479700AB3297 /* ProductTableViewController.swift in Sources */ = {isa = PBXBuildFile; fileRef = 6867CBE32D92479700AB3297 /* ProductTableViewController.swift */; };
/* End PBXBuildFile section */

/* Begin PBXContainerItemProxy section */
		68007F5A2D90544A0014B8C2 /* PBXContainerItemProxy */ = {
			isa = PBXContainerItemProxy;
			containerPortal = 68007F382D9054490014B8C2 /* Project object */;
			proxyType = 1;
			remoteGlobalIDString = 68007F3F2D9054490014B8C2;
			remoteInfo = A2_iOS_Justin_101400171;
		};
		68007F642D90544A0014B8C2 /* PBXContainerItemProxy */ = {
			isa = PBXContainerItemProxy;
			containerPortal = 68007F382D9054490014B8C2 /* Project object */;
			proxyType = 1;
			remoteGlobalIDString = 68007F3F2D9054490014B8C2;
			remoteInfo = A2_iOS_Justin_101400171;
		};
/* End PBXContainerItemProxy section */

/* Begin PBXFileReference section */
		68007F402D9054490014B8C2 /* A2_iOS_Justin_101400171.app */ = {isa = PBXFileReference; explicitFileType = wrapper.application; includeInIndex = 0; path = A2_iOS_Justin_101400171.app; sourceTree = BUILT_PRODUCTS_DIR; };
		68007F432D9054490014B8C2 /* AppDelegate.swift */ = {isa = PBXFileReference; lastKnownFileType = sourcecode.swift; path = AppDelegate.swift; sourceTree = "<group>"; };
		68007F452D9054490014B8C2 /* SceneDelegate.swift */ = {isa = PBXFileReference; lastKnownFileType = sourcecode.swift; path = SceneDelegate.swift; sourceTree = "<group>"; };
		68007F472D9054490014B8C2 /* ViewController.swift */ = {isa = PBXFileReference; lastKnownFileType = sourcecode.swift; path = ViewController.swift; sourceTree = "<group>"; };
		68007F4A2D9054490014B8C2 /* Base */ = {isa = PBXFileReference; lastKnownFileType = file.storyboard; name = Base; path = Base.lproj/Main.storyboard; sourceTree = "<group>"; };
		68007F4D2D9054490014B8C2 /* A2_iOS_Justin_101400171.xcdatamodel */ = {isa = PBXFileReference; lastKnownFileType = wrapper.xcdatamodel; path = A2_iOS_Justin_101400171.xcdatamodel; sourceTree = "<group>"; };
		68007F4F2D90544A0014B8C2 /* Assets.xcassets */ = {isa = PBXFileReference; lastKnownFileType = folder.assetcatalog; path = Assets.xcassets; sourceTree = "<group>"; };
		68007F522D90544A0014B8C2 /* Base */ = {isa = PBXFileReference; lastKnownFileType = file.storyboard; name = Base; path = Base.lproj/LaunchScreen.storyboard; sourceTree = "<group>"; };
		68007F542D90544A0014B8C2 /* Info.plist */ = {isa = PBXFileReference; lastKnownFileType = text.plist.xml; path = Info.plist; sourceTree = "<group>"; };
		68007F592D90544A0014B8C2 /* A2_iOS_Justin_101400171Tests.xctest */ = {isa = PBXFileReference; explicitFileType = wrapper.cfbundle; includeInIndex = 0; path = A2_iOS_Justin_101400171Tests.xctest; sourceTree = BUILT_PRODUCTS_DIR; };
		68007F5D2D90544A0014B8C2 /* A2_iOS_Justin_101400171Tests.swift */ = {isa = PBXFileReference; lastKnownFileType = sourcecode.swift; path = A2_iOS_Justin_101400171Tests.swift; sourceTree = "<group>"; };
		68007F632D90544A0014B8C2 /* A2_iOS_Justin_101400171UITests.xctest */ = {isa = PBXFileReference; explicitFileType = wrapper.cfbundle; includeInIndex = 0; path = A2_iOS_Justin_101400171UITests.xctest; sourceTree = BUILT_PRODUCTS_DIR; };
		68007F672D90544A0014B8C2 /* A2_iOS_Justin_101400171UITests.swift */ = {isa = PBXFileReference; lastKnownFileType = sourcecode.swift; path = A2_iOS_Justin_101400171UITests.swift; sourceTree = "<group>"; };
		68007F692D90544A0014B8C2 /* A2_iOS_Justin_101400171UITestsLaunchTests.swift */ = {isa = PBXFileReference; lastKnownFileType = sourcecode.swift; path = A2_iOS_Justin_101400171UITestsLaunchTests.swift; sourceTree = "<group>"; };
		6864011A2D923EEB00C32826 /* AddNewProduct.swift */ = {isa = PBXFileReference; lastKnownFileType = sourcecode.swift; path = AddNewProduct.swift; sourceTree = "<group>"; };
		6867CBE32D92479700AB3297 /* ProductTableViewController.swift */ = {isa = PBXFileReference; lastKnownFileType = sourcecode.swift; path = ProductTableViewController.swift; sourceTree = "<group>"; };
/* End PBXFileReference section */

/* Begin PBXFrameworksBuildPhase section */
		68007F3D2D9054490014B8C2 /* Frameworks */ = {
			isa = PBXFrameworksBuildPhase;
			buildActionMask = 2147483647;
			files = (
			);
			runOnlyForDeploymentPostprocessing = 0;
		};
		68007F562D90544A0014B8C2 /* Frameworks */ = {
			isa = PBXFrameworksBuildPhase;
			buildActionMask = 2147483647;
			files = (
			);
			runOnlyForDeploymentPostprocessing = 0;
		};
		68007F602D90544A0014B8C2 /* Frameworks */ = {
			isa = PBXFrameworksBuildPhase;
			buildActionMask = 2147483647;
			files = (
			);
			runOnlyForDeploymentPostprocessing = 0;
		};
/* End PBXFrameworksBuildPhase section */

/* Begin PBXGroup section */
		68007F372D9054490014B8C2 = {
			isa = PBXGroup;
			children = (
				68007F422D9054490014B8C2 /* A2_iOS_Justin_101400171 */,
				68007F5C2D90544A0014B8C2 /* A2_iOS_Justin_101400171Tests */,
				68007F662D90544A0014B8C2 /* A2_iOS_Justin_101400171UITests */,
				68007F412D9054490014B8C2 /* Products */,
			);
			sourceTree = "<group>";
		};
		68007F412D9054490014B8C2 /* Products */ = {
			isa = PBXGroup;
			children = (
				68007F402D9054490014B8C2 /* A2_iOS_Justin_101400171.app */,
				68007F592D90544A0014B8C2 /* A2_iOS_Justin_101400171Tests.xctest */,
				68007F632D90544A0014B8C2 /* A2_iOS_Justin_101400171UITests.xctest */,
			);
			name = Products;
			sourceTree = "<group>";
		};
		68007F422D9054490014B8C2 /* A2_iOS_Justin_101400171 */ = {
			isa = PBXGroup;
			children = (
				6867CBE32D92479700AB3297 /* ProductTableViewController.swift */,
				68007F432D9054490014B8C2 /* AppDelegate.swift */,
				68007F452D9054490014B8C2 /* SceneDelegate.swift */,
				68007F472D9054490014B8C2 /* ViewController.swift */,
				68007F492D9054490014B8C2 /* Main.storyboard */,
				68007F4F2D90544A0014B8C2 /* Assets.xcassets */,
				68007F512D90544A0014B8C2 /* LaunchScreen.storyboard */,
				68007F542D90544A0014B8C2 /* Info.plist */,
				68007F4C2D9054490014B8C2 /* A2_iOS_Justin_101400171.xcdatamodeld */,
				6864011A2D923EEB00C32826 /* AddNewProduct.swift */,
			);
			path = A2_iOS_Justin_101400171;
			sourceTree = "<group>";
		};
		68007F5C2D90544A0014B8C2 /* A2_iOS_Justin_101400171Tests */ = {
			isa = PBXGroup;
			children = (
				68007F5D2D90544A0014B8C2 /* A2_iOS_Justin_101400171Tests.swift */,
			);
			path = A2_iOS_Justin_101400171Tests;
			sourceTree = "<group>";
		};
		68007F662D90544A0014B8C2 /* A2_iOS_Justin_101400171UITests */ = {
			isa = PBXGroup;
			children = (
				68007F672D90544A0014B8C2 /* A2_iOS_Justin_101400171UITests.swift */,
				68007F692D90544A0014B8C2 /* A2_iOS_Justin_101400171UITestsLaunchTests.swift */,
			);
			path = A2_iOS_Justin_101400171UITests;
			sourceTree = "<group>";
		};
/* End PBXGroup section */

/* Begin PBXNativeTarget section */
		68007F3F2D9054490014B8C2 /* A2_iOS_Justin_101400171 */ = {
			isa = PBXNativeTarget;
			buildConfigurationList = 68007F6D2D90544A0014B8C2 /* Build configuration list for PBXNativeTarget "A2_iOS_Justin_101400171" */;
			buildPhases = (
				68007F3C2D9054490014B8C2 /* Sources */,
				68007F3D2D9054490014B8C2 /* Frameworks */,
				68007F3E2D9054490014B8C2 /* Resources */,
			);
			buildRules = (
			);
			dependencies = (
			);
			name = A2_iOS_Justin_101400171;
			productName = A2_iOS_Justin_101400171;
			productReference = 68007F402D9054490014B8C2 /* A2_iOS_Justin_101400171.app */;
			productType = "com.apple.product-type.application";
		};
		68007F582D90544A0014B8C2 /* A2_iOS_Justin_101400171Tests */ = {
			isa = PBXNativeTarget;
			buildConfigurationList = 68007F702D90544A0014B8C2 /* Build configuration list for PBXNativeTarget "A2_iOS_Justin_101400171Tests" */;
			buildPhases = (
				68007F552D90544A0014B8C2 /* Sources */,
				68007F562D90544A0014B8C2 /* Frameworks */,
				68007F572D90544A0014B8C2 /* Resources */,
			);
			buildRules = (
			);
			dependencies = (
				68007F5B2D90544A0014B8C2 /* PBXTargetDependency */,
			);
			name = A2_iOS_Justin_101400171Tests;
			productName = A2_iOS_Justin_101400171Tests;
			productReference = 68007F592D90544A0014B8C2 /* A2_iOS_Justin_101400171Tests.xctest */;
			productType = "com.apple.product-type.bundle.unit-test";
		};
		68007F622D90544A0014B8C2 /* A2_iOS_Justin_101400171UITests */ = {
			isa = PBXNativeTarget;
			buildConfigurationList = 68007F732D90544A0014B8C2 /* Build configuration list for PBXNativeTarget "A2_iOS_Justin_101400171UITests" */;
			buildPhases = (
				68007F5F2D90544A0014B8C2 /* Sources */,
				68007F602D90544A0014B8C2 /* Frameworks */,
				68007F612D90544A0014B8C2 /* Resources */,
			);
			buildRules = (
			);
			dependencies = (
				68007F652D90544A0014B8C2 /* PBXTargetDependency */,
			);
			name = A2_iOS_Justin_101400171UITests;
			productName = A2_iOS_Justin_101400171UITests;
			productReference = 68007F632D90544A0014B8C2 /* A2_iOS_Justin_101400171UITests.xctest */;
			productType = "com.apple.product-type.bundle.ui-testing";
		};
/* End PBXNativeTarget section */

/* Begin PBXProject section */
		68007F382D9054490014B8C2 /* Project object */ = {
			isa = PBXProject;
			attributes = {
				BuildIndependentTargetsInParallel = 1;
				LastSwiftUpdateCheck = 1540;
				LastUpgradeCheck = 1540;
				TargetAttributes = {
					68007F3F2D9054490014B8C2 = {
						CreatedOnToolsVersion = 15.4;
					};
					68007F582D90544A0014B8C2 = {
						CreatedOnToolsVersion = 15.4;
						TestTargetID = 68007F3F2D9054490014B8C2;
					};
					68007F622D90544A0014B8C2 = {
						CreatedOnToolsVersion = 15.4;
						TestTargetID = 68007F3F2D9054490014B8C2;
					};
				};
			};
			buildConfigurationList = 68007F3B2D9054490014B8C2 /* Build configuration list for PBXProject "A2_iOS_Justin_101400171" */;
			compatibilityVersion = "Xcode 14.0";
			developmentRegion = en;
			hasScannedForEncodings = 0;
			knownRegions = (
				en,
				Base,
			);
			mainGroup = 68007F372D9054490014B8C2;
			productRefGroup = 68007F412D9054490014B8C2 /* Products */;
			projectDirPath = "";
			projectRoot = "";
			targets = (
				68007F3F2D9054490014B8C2 /* A2_iOS_Justin_101400171 */,
				68007F582D90544A0014B8C2 /* A2_iOS_Justin_101400171Tests */,
				68007F622D90544A0014B8C2 /* A2_iOS_Justin_101400171UITests */,
			);
		};
/* End PBXProject section */

/* Begin PBXResourcesBuildPhase section */
		68007F3E2D9054490014B8C2 /* Resources */ = {
			isa = PBXResourcesBuildPhase;
			buildActionMask = 2147483647;
			files = (
				68007F502D90544A0014B8C2 /* Assets.xcassets in Resources */,
				68007F532D90544A0014B8C2 /* Base in Resources */,
				68007F4B2D9054490014B8C2 /* Base in Resources */,
			);
			runOnlyForDeploymentPostprocessing = 0;
		};
		68007F572D90544A0014B8C2 /* Resources */ = {
			isa = PBXResourcesBuildPhase;
			buildActionMask = 2147483647;
			files = (
			);
			runOnlyForDeploymentPostprocessing = 0;
		};
		68007F612D90544A0014B8C2 /* Resources */ = {
			isa = PBXResourcesBuildPhase;
			buildActionMask = 2147483647;
			files = (
			);
			runOnlyForDeploymentPostprocessing = 0;
		};
/* End PBXResourcesBuildPhase section */

/* Begin PBXSourcesBuildPhase section */
		68007F3C2D9054490014B8C2 /* Sources */ = {
			isa = PBXSourcesBuildPhase;
			buildActionMask = 2147483647;
			files = (
				68007F482D9054490014B8C2 /* ViewController.swift in Sources */,
				68007F442D9054490014B8C2 /* AppDelegate.swift in Sources */,
				68007F462D9054490014B8C2 /* SceneDelegate.swift in Sources */,
				68007F4E2D9054490014B8C2 /* A2_iOS_Justin_101400171.xcdatamodeld in Sources */,
				6867CBE42D92479700AB3297 /* ProductTableViewController.swift in Sources */,
				6864011B2D923EEB00C32826 /* AddNewProduct.swift in Sources */,
			);
			runOnlyForDeploymentPostprocessing = 0;
		};
		68007F552D90544A0014B8C2 /* Sources */ = {
			isa = PBXSourcesBuildPhase;
			buildActionMask = 2147483647;
			files = (
				68007F5E2D90544A0014B8C2 /* A2_iOS_Justin_101400171Tests.swift in Sources */,
			);
			runOnlyForDeploymentPostprocessing = 0;
		};
		68007F5F2D90544A0014B8C2 /* Sources */ = {
			isa = PBXSourcesBuildPhase;
			buildActionMask = 2147483647;
			files = (
				68007F6A2D90544A0014B8C2 /* A2_iOS_Justin_101400171UITestsLaunchTests.swift in Sources */,
				68007F682D90544A0014B8C2 /* A2_iOS_Justin_101400171UITests.swift in Sources */,
			);
			runOnlyForDeploymentPostprocessing = 0;
		};
/* End PBXSourcesBuildPhase section */

/* Begin PBXTargetDependency section */
		68007F5B2D90544A0014B8C2 /* PBXTargetDependency */ = {
			isa = PBXTargetDependency;
			target = 68007F3F2D9054490014B8C2 /* A2_iOS_Justin_101400171 */;
			targetProxy = 68007F5A2D90544A0014B8C2 /* PBXContainerItemProxy */;
		};
		68007F652D90544A0014B8C2 /* PBXTargetDependency */ = {
			isa = PBXTargetDependency;
			target = 68007F3F2D9054490014B8C2 /* A2_iOS_Justin_101400171 */;
			targetProxy = 68007F642D90544A0014B8C2 /* PBXContainerItemProxy */;
		};
/* End PBXTargetDependency section */

/* Begin PBXVariantGroup section */
		68007F492D9054490014B8C2 /* Main.storyboard */ = {
			isa = PBXVariantGroup;
			children = (
				68007F4A2D9054490014B8C2 /* Base */,
			);
			name = Main.storyboard;
			sourceTree = "<group>";
		};
		68007F512D90544A0014B8C2 /* LaunchScreen.storyboard */ = {
			isa = PBXVariantGroup;
			children = (
				68007F522D90544A0014B8C2 /* Base */,
			);
			name = LaunchScreen.storyboard;
			sourceTree = "<group>";
		};
/* End PBXVariantGroup section */

/* Begin XCBuildConfiguration section */
		68007F6B2D90544A0014B8C2 /* Debug */ = {
			isa = XCBuildConfiguration;
			buildSettings = {
				ALWAYS_SEARCH_USER_PATHS = NO;
				ASSETCATALOG_COMPILER_GENERATE_SWIFT_ASSET_SYMBOL_EXTENSIONS = YES;
				CLANG_ANALYZER_NONNULL = YES;
				CLANG_ANALYZER_NUMBER_OBJECT_CONVERSION = YES_AGGRESSIVE;
				CLANG_CXX_LANGUAGE_STANDARD = "gnu++20";
				CLANG_ENABLE_MODULES = YES;
				CLANG_ENABLE_OBJC_ARC = YES;
				CLANG_ENABLE_OBJC_WEAK = YES;
				CLANG_WARN_BLOCK_CAPTURE_AUTORELEASING = YES;
				CLANG_WARN_BOOL_CONVERSION = YES;
				CLANG_WARN_COMMA = YES;
				CLANG_WARN_CONSTANT_CONVERSION = YES;
				CLANG_WARN_DEPRECATED_OBJC_IMPLEMENTATIONS = YES;
				CLANG_WARN_DIRECT_OBJC_ISA_USAGE = YES_ERROR;
				CLANG_WARN_DOCUMENTATION_COMMENTS = YES;
				CLANG_WARN_EMPTY_BODY = YES;
				CLANG_WARN_ENUM_CONVERSION = YES;
				CLANG_WARN_INFINITE_RECURSION = YES;
				CLANG_WARN_INT_CONVERSION = YES;
				CLANG_WARN_NON_LITERAL_NULL_CONVERSION = YES;
				CLANG_WARN_OBJC_IMPLICIT_RETAIN_SELF = YES;
				CLANG_WARN_OBJC_LITERAL_CONVERSION = YES;
				CLANG_WARN_OBJC_ROOT_CLASS = YES_ERROR;
				CLANG_WARN_QUOTED_INCLUDE_IN_FRAMEWORK_HEADER = YES;
				CLANG_WARN_RANGE_LOOP_ANALYSIS = YES;
				CLANG_WARN_STRICT_PROTOTYPES = YES;
				CLANG_WARN_SUSPICIOUS_MOVE = YES;
				CLANG_WARN_UNGUARDED_AVAILABILITY = YES_AGGRESSIVE;
				CLANG_WARN_UNREACHABLE_CODE = YES;
				CLANG_WARN__DUPLICATE_METHOD_MATCH = YES;
				COPY_PHASE_STRIP = NO;
				DEBUG_INFORMATION_FORMAT = dwarf;
				ENABLE_STRICT_OBJC_MSGSEND = YES;
				ENABLE_TESTABILITY = YES;
				ENABLE_USER_SCRIPT_SANDBOXING = YES;
				GCC_C_LANGUAGE_STANDARD = gnu17;
				GCC_DYNAMIC_NO_PIC = NO;
				GCC_NO_COMMON_BLOCKS = YES;
				GCC_OPTIMIZATION_LEVEL = 0;
				GCC_PREPROCESSOR_DEFINITIONS = (
					"DEBUG=1",
					"$(inherited)",
				);
				GCC_WARN_64_TO_32_BIT_CONVERSION = YES;
				GCC_WARN_ABOUT_RETURN_TYPE = YES_ERROR;
				GCC_WARN_UNDECLARED_SELECTOR = YES;
				GCC_WARN_UNINITIALIZED_AUTOS = YES_AGGRESSIVE;
				GCC_WARN_UNUSED_FUNCTION = YES;
				GCC_WARN_UNUSED_VARIABLE = YES;
				IPHONEOS_DEPLOYMENT_TARGET = 17.5;
				LOCALIZATION_PREFERS_STRING_CATALOGS = YES;
				MTL_ENABLE_DEBUG_INFO = INCLUDE_SOURCE;
				MTL_FAST_MATH = YES;
				ONLY_ACTIVE_ARCH = YES;
				SDKROOT = iphoneos;
				SWIFT_ACTIVE_COMPILATION_CONDITIONS = "DEBUG $(inherited)";
				SWIFT_OPTIMIZATION_LEVEL = "-Onone";
			};
			name = Debug;
		};
		68007F6C2D90544A0014B8C2 /* Release */ = {
			isa = XCBuildConfiguration;
			buildSettings = {
				ALWAYS_SEARCH_USER_PATHS = NO;
				ASSETCATALOG_COMPILER_GENERATE_SWIFT_ASSET_SYMBOL_EXTENSIONS = YES;
				CLANG_ANALYZER_NONNULL = YES;
				CLANG_ANALYZER_NUMBER_OBJECT_CONVERSION = YES_AGGRESSIVE;
				CLANG_CXX_LANGUAGE_STANDARD = "gnu++20";
				CLANG_ENABLE_MODULES = YES;
				CLANG_ENABLE_OBJC_ARC = YES;
				CLANG_ENABLE_OBJC_WEAK = YES;
				CLANG_WARN_BLOCK_CAPTURE_AUTORELEASING = YES;
				CLANG_WARN_BOOL_CONVERSION = YES;
				CLANG_WARN_COMMA = YES;
				CLANG_WARN_CONSTANT_CONVERSION = YES;
				CLANG_WARN_DEPRECATED_OBJC_IMPLEMENTATIONS = YES;
				CLANG_WARN_DIRECT_OBJC_ISA_USAGE = YES_ERROR;
				CLANG_WARN_DOCUMENTATION_COMMENTS = YES;
				CLANG_WARN_EMPTY_BODY = YES;
				CLANG_WARN_ENUM_CONVERSION = YES;
				CLANG_WARN_INFINITE_RECURSION = YES;
				CLANG_WARN_INT_CONVERSION = YES;
				CLANG_WARN_NON_LITERAL_NULL_CONVERSION = YES;
				CLANG_WARN_OBJC_IMPLICIT_RETAIN_SELF = YES;
				CLANG_WARN_OBJC_LITERAL_CONVERSION = YES;
				CLANG_WARN_OBJC_ROOT_CLASS = YES_ERROR;
				CLANG_WARN_QUOTED_INCLUDE_IN_FRAMEWORK_HEADER = YES;
				CLANG_WARN_RANGE_LOOP_ANALYSIS = YES;
				CLANG_WARN_STRICT_PROTOTYPES = YES;
				CLANG_WARN_SUSPICIOUS_MOVE = YES;
				CLANG_WARN_UNGUARDED_AVAILABILITY = YES_AGGRESSIVE;
				CLANG_WARN_UNREACHABLE_CODE = YES;
				CLANG_WARN__DUPLICATE_METHOD_MATCH = YES;
				COPY_PHASE_STRIP = NO;
				DEBUG_INFORMATION_FORMAT = "dwarf-with-dsym";
				ENABLE_NS_ASSERTIONS = NO;
				ENABLE_STRICT_OBJC_MSGSEND = YES;
				ENABLE_USER_SCRIPT_SANDBOXING = YES;
				GCC_C_LANGUAGE_STANDARD = gnu17;
				GCC_NO_COMMON_BLOCKS = YES;
				GCC_WARN_64_TO_32_BIT_CONVERSION = YES;
				GCC_WARN_ABOUT_RETURN_TYPE = YES_ERROR;
				GCC_WARN_UNDECLARED_SELECTOR = YES;
				GCC_WARN_UNINITIALIZED_AUTOS = YES_AGGRESSIVE;
				GCC_WARN_UNUSED_FUNCTION = YES;
				GCC_WARN_UNUSED_VARIABLE = YES;
				IPHONEOS_DEPLOYMENT_TARGET = 17.5;
				LOCALIZATION_PREFERS_STRING_CATALOGS = YES;
				MTL_ENABLE_DEBUG_INFO = NO;
				MTL_FAST_MATH = YES;
				SDKROOT = iphoneos;
				SWIFT_COMPILATION_MODE = wholemodule;
				VALIDATE_PRODUCT = YES;
			};
			name = Release;
		};
		68007F6E2D90544A0014B8C2 /* Debug */ = {
			isa = XCBuildConfiguration;
			buildSettings = {
				ASSETCATALOG_COMPILER_APPICON_NAME = AppIcon;
				ASSETCATALOG_COMPILER_GLOBAL_ACCENT_COLOR_NAME = AccentColor;
				CODE_SIGN_STYLE = Automatic;
				CURRENT_PROJECT_VERSION = 1;
				GENERATE_INFOPLIST_FILE = YES;
				INFOPLIST_FILE = A2_iOS_Justin_101400171/Info.plist;
				INFOPLIST_KEY_UIApplicationSupportsIndirectInputEvents = YES;
				INFOPLIST_KEY_UILaunchStoryboardName = LaunchScreen;
				INFOPLIST_KEY_UIMainStoryboardFile = Main;
				INFOPLIST_KEY_UISupportedInterfaceOrientations_iPad = "UIInterfaceOrientationPortrait UIInterfaceOrientationPortraitUpsideDown UIInterfaceOrientationLandscapeLeft UIInterfaceOrientationLandscapeRight";
				INFOPLIST_KEY_UISupportedInterfaceOrientations_iPhone = "UIInterfaceOrientationPortrait UIInterfaceOrientationLandscapeLeft UIInterfaceOrientationLandscapeRight";
				LD_RUNPATH_SEARCH_PATHS = (
					"$(inherited)",
					"@executable_path/Frameworks",
				);
				MARKETING_VERSION = 1.0;
				PRODUCT_BUNDLE_IDENTIFIER = "com.JustinYeh.A2-iOS-Justin-101400171";
				PRODUCT_NAME = "$(TARGET_NAME)";
				SWIFT_EMIT_LOC_STRINGS = YES;
				SWIFT_VERSION = 5.0;
				TARGETED_DEVICE_FAMILY = "1,2";
			};
			name = Debug;
		};
		68007F6F2D90544A0014B8C2 /* Release */ = {
			isa = XCBuildConfiguration;
			buildSettings = {
				ASSETCATALOG_COMPILER_APPICON_NAME = AppIcon;
				ASSETCATALOG_COMPILER_GLOBAL_ACCENT_COLOR_NAME = AccentColor;
				CODE_SIGN_STYLE = Automatic;
				CURRENT_PROJECT_VERSION = 1;
				GENERATE_INFOPLIST_FILE = YES;
				INFOPLIST_FILE = A2_iOS_Justin_101400171/Info.plist;
				INFOPLIST_KEY_UIApplicationSupportsIndirectInputEvents = YES;
				INFOPLIST_KEY_UILaunchStoryboardName = LaunchScreen;
				INFOPLIST_KEY_UIMainStoryboardFile = Main;
				INFOPLIST_KEY_UISupportedInterfaceOrientations_iPad = "UIInterfaceOrientationPortrait UIInterfaceOrientationPortraitUpsideDown UIInterfaceOrientationLandscapeLeft UIInterfaceOrientationLandscapeRight";
				INFOPLIST_KEY_UISupportedInterfaceOrientations_iPhone = "UIInterfaceOrientationPortrait UIInterfaceOrientationLandscapeLeft UIInterfaceOrientationLandscapeRight";
				LD_RUNPATH_SEARCH_PATHS = (
					"$(inherited)",
					"@executable_path/Frameworks",
				);
				MARKETING_VERSION = 1.0;
				PRODUCT_BUNDLE_IDENTIFIER = "com.JustinYeh.A2-iOS-Justin-101400171";
				PRODUCT_NAME = "$(TARGET_NAME)";
				SWIFT_EMIT_LOC_STRINGS = YES;
				SWIFT_VERSION = 5.0;
				TARGETED_DEVICE_FAMILY = "1,2";
			};
			name = Release;
		};
		68007F712D90544A0014B8C2 /* Debug */ = {
			isa = XCBuildConfiguration;
			buildSettings = {
				ALWAYS_EMBED_SWIFT_STANDARD_LIBRARIES = YES;
				BUNDLE_LOADER = "$(TEST_HOST)";
				CODE_SIGN_STYLE = Automatic;
				CURRENT_PROJECT_VERSION = 1;
				GENERATE_INFOPLIST_FILE = YES;
				IPHONEOS_DEPLOYMENT_TARGET = 17.5;
				MARKETING_VERSION = 1.0;
				PRODUCT_BUNDLE_IDENTIFIER = "com.JustinYeh.A2-iOS-Justin-101400171Tests";
				PRODUCT_NAME = "$(TARGET_NAME)";
				SWIFT_EMIT_LOC_STRINGS = NO;
				SWIFT_VERSION = 5.0;
				TARGETED_DEVICE_FAMILY = "1,2";
				TEST_HOST = "$(BUILT_PRODUCTS_DIR)/A2_iOS_Justin_101400171.app/$(BUNDLE_EXECUTABLE_FOLDER_PATH)/A2_iOS_Justin_101400171";
			};
			name = Debug;
		};
		68007F722D90544A0014B8C2 /* Release */ = {
			isa = XCBuildConfiguration;
			buildSettings = {
				ALWAYS_EMBED_SWIFT_STANDARD_LIBRARIES = YES;
				BUNDLE_LOADER = "$(TEST_HOST)";
				CODE_SIGN_STYLE = Automatic;
				CURRENT_PROJECT_VERSION = 1;
				GENERATE_INFOPLIST_FILE = YES;
				IPHONEOS_DEPLOYMENT_TARGET = 17.5;
				MARKETING_VERSION = 1.0;
				PRODUCT_BUNDLE_IDENTIFIER = "com.JustinYeh.A2-iOS-Justin-101400171Tests";
				PRODUCT_NAME = "$(TARGET_NAME)";
				SWIFT_EMIT_LOC_STRINGS = NO;
				SWIFT_VERSION = 5.0;
				TARGETED_DEVICE_FAMILY = "1,2";
				TEST_HOST = "$(BUILT_PRODUCTS_DIR)/A2_iOS_Justin_101400171.app/$(BUNDLE_EXECUTABLE_FOLDER_PATH)/A2_iOS_Justin_101400171";
			};
			name = Release;
		};
		68007F742D90544A0014B8C2 /* Debug */ = {
			isa = XCBuildConfiguration;
			buildSettings = {
				ALWAYS_EMBED_SWIFT_STANDARD_LIBRARIES = YES;
				CODE_SIGN_STYLE = Automatic;
				CURRENT_PROJECT_VERSION = 1;
				GENERATE_INFOPLIST_FILE = YES;
				MARKETING_VERSION = 1.0;
				PRODUCT_BUNDLE_IDENTIFIER = "com.JustinYeh.A2-iOS-Justin-101400171UITests";
				PRODUCT_NAME = "$(TARGET_NAME)";
				SWIFT_EMIT_LOC_STRINGS = NO;
				SWIFT_VERSION = 5.0;
				TARGETED_DEVICE_FAMILY = "1,2";
				TEST_TARGET_NAME = A2_iOS_Justin_101400171;
			};
			name = Debug;
		};
		68007F752D90544A0014B8C2 /* Release */ = {
			isa = XCBuildConfiguration;
			buildSettings = {
				ALWAYS_EMBED_SWIFT_STANDARD_LIBRARIES = YES;
				CODE_SIGN_STYLE = Automatic;
				CURRENT_PROJECT_VERSION = 1;
				GENERATE_INFOPLIST_FILE = YES;
				MARKETING_VERSION = 1.0;
				PRODUCT_BUNDLE_IDENTIFIER = "com.JustinYeh.A2-iOS-Justin-101400171UITests";
				PRODUCT_NAME = "$(TARGET_NAME)";
				SWIFT_EMIT_LOC_STRINGS = NO;
				SWIFT_VERSION = 5.0;
				TARGETED_DEVICE_FAMILY = "1,2";
				TEST_TARGET_NAME = A2_iOS_Justin_101400171;
			};
			name = Release;
		};
/* End XCBuildConfiguration section */

/* Begin XCConfigurationList section */
		68007F3B2D9054490014B8C2 /* Build configuration list for PBXProject "A2_iOS_Justin_101400171" */ = {
			isa = XCConfigurationList;
			buildConfigurations = (
				68007F6B2D90544A0014B8C2 /* Debug */,
				68007F6C2D90544A0014B8C2 /* Release */,
			);
			defaultConfigurationIsVisible = 0;
			defaultConfigurationName = Release;
		};
		68007F6D2D90544A0014B8C2 /* Build configuration list for PBXNativeTarget "A2_iOS_Justin_101400171" */ = {
			isa = XCConfigurationList;
			buildConfigurations = (
				68007F6E2D90544A0014B8C2 /* Debug */,
				68007F6F2D90544A0014B8C2 /* Release */,
			);
			defaultConfigurationIsVisible = 0;
			defaultConfigurationName = Release;
		};
		68007F702D90544A0014B8C2 /* Build configuration list for PBXNativeTarget "A2_iOS_Justin_101400171Tests" */ = {
			isa = XCConfigurationList;
			buildConfigurations = (
				68007F712D90544A0014B8C2 /* Debug */,
				68007F722D90544A0014B8C2 /* Release */,
			);
			defaultConfigurationIsVisible = 0;
			defaultConfigurationName = Release;
		};
		68007F732D90544A0014B8C2 /* Build configuration list for PBXNativeTarget "A2_iOS_Justin_101400171UITests" */ = {
			isa = XCConfigurationList;
			buildConfigurations = (
				68007F742D90544A0014B8C2 /* Debug */,
				68007F752D90544A0014B8C2 /* Release */,
			);
			defaultConfigurationIsVisible = 0;
			defaultConfigurationName = Release;
		};
/* End XCConfigurationList section */

/* Begin XCVersionGroup section */
		68007F4C2D9054490014B8C2 /* A2_iOS_Justin_101400171.xcdatamodeld */ = {
			isa = XCVersionGroup;
			children = (
				68007F4D2D9054490014B8C2 /* A2_iOS_Justin_101400171.xcdatamodel */,
			);
			currentVersion = 68007F4D2D9054490014B8C2 /* A2_iOS_Justin_101400171.xcdatamodel */;
			path = A2_iOS_Justin_101400171.xcdatamodeld;
			sourceTree = "<group>";
			versionGroupType = wrapper.xcdatamodel;
		};
/* End XCVersionGroup section */
	};
	rootObject = 68007F382D9054490014B8C2 /* Project object */;
}
